
Microsoft Visual Studio Solution File, Format Version 12.00
Project("{FAE04EC0-301F-11D3-BF4B-00C04F79EFBC}") = "FindParentheses", "FindParentheses\FindParentheses.csproj", "{D335B534-C54C-469B-9270-975C4AFCDC3D}"
EndProject
Project("{FAE04EC0-301F-11D3-BF4B-00C04F79EFBC}") = "BusStop", "BusStop\BusStop.csproj", "{97AB9E56-4934-4F80-861A-47DB615D6A0F}"
EndProject
Project("{FAE04EC0-301F-11D3-BF4B-00C04F79EFBC}") = "Matrix", "Matrix\Matrix.csproj", "{26FEC2E1-BB57-4434-A92B-279925B9C540}"
EndProject
Global
	GlobalSection(SolutionConfigurationPlatforms) = preSolution
		Debug|Any CPU = Debug|Any CPU
		Release|Any CPU = Release|Any CPU
	EndGlobalSection
	GlobalSection(ProjectConfigurationPlatforms) = postSolution
		{D335B534-C54C-469B-9270-975C4AFCDC3D}.Debug|Any CPU.ActiveCfg = Debug|Any CPU
		{D335B534-C54C-469B-9270-975C4AFCDC3D}.Debug|Any CPU.Build.0 = Debug|Any CPU
		{D335B534-C54C-469B-9270-975C4AFCDC3D}.Release|Any CPU.ActiveCfg = Release|Any CPU
		{D335B534-C54C-469B-9270-975C4AFCDC3D}.Release|Any CPU.Build.0 = Release|Any CPU
		{97AB9E56-4934-4F80-861A-47DB615D6A0F}.Debug|Any CPU.ActiveCfg = Debug|Any CPU
		{97AB9E56-4934-4F80-861A-47DB615D6A0F}.Debug|Any CPU.Build.0 = Debug|Any CPU
		{97AB9E56-4934-4F80-861A-47DB615D6A0F}.Release|Any CPU.ActiveCfg = Release|Any CPU
		{97AB9E56-4934-4F80-861A-47DB615D6A0F}.Release|Any CPU.Build.0 = Release|Any CPU
		{26FEC2E1-BB57-4434-A92B-279925B9C540}.Debug|Any CPU.ActiveCfg = Debug|Any CPU
		{26FEC2E1-BB57-4434-A92B-279925B9C540}.Debug|Any CPU.Build.0 = Debug|Any CPU
		{26FEC2E1-BB57-4434-A92B-279925B9C540}.Release|Any CPU.ActiveCfg = Release|Any CPU
		{26FEC2E1-BB57-4434-A92B-279925B9C540}.Release|Any CPU.Build.0 = Release|Any CPU
	EndGlobalSection
EndGlobal
